
Microsoft Visual Studio Solution File, Format Version 12.00
# Visual Studio Version 16
VisualStudioVersion = 16.0.809.7
MinimumVisualStudioVersion = 10.0.40219.1
Project("{FAE04EC0-301F-11D3-BF4B-00C04F79EFBC}") = "OpenWeatherAPI", "OpenWeatherAPI\OpenWeatherAPI.csproj", "{C2D74775-7292-42F2-AC6B-F8598384FC2A}"
EndProject
Global
	GlobalSection(SolutionConfigurationPlatforms) = preSolution
		Debug|Any CPU = Debug|Any CPU
		Release|Any CPU = Release|Any CPU
	EndGlobalSection
	GlobalSection(ProjectConfigurationPlatforms) = postSolution
		{C2D74775-7292-42F2-AC6B-F8598384FC2A}.Debug|Any CPU.ActiveCfg = Debug|Any CPU
		{C2D74775-7292-42F2-AC6B-F8598384FC2A}.Debug|Any CPU.Build.0 = Debug|Any CPU
		{C2D74775-7292-42F2-AC6B-F8598384FC2A}.Release|Any CPU.ActiveCfg = Release|Any CPU
		{C2D74775-7292-42F2-AC6B-F8598384FC2A}.Release|Any CPU.Build.0 = Release|Any CPU
	EndGlobalSection
	GlobalSection(SolutionProperties) = preSolution
		HideSolutionNode = FALSE
	EndGlobalSection
	GlobalSection(ExtensibilityGlobals) = postSolution
		SolutionGuid = {1076AE59-3431-4B26-870E-A16EBDADE0F7}
	EndGlobalSection
EndGlobal
